
Microsoft Visual Studio Solution File, Format Version 12.00
# Visual Studio Version 16
VisualStudioVersion = 16.0.29324.140
MinimumVisualStudioVersion = 10.0.40219.1
Project("{FAE04EC0-301F-11D3-BF4B-00C04F79EFBC}") = "App1", "App1\App1.csproj", "{F4751989-B212-4802-9DFC-C2AAAF390900}"
EndProject
Global
	GlobalSection(SolutionConfigurationPlatforms) = preSolution
		Debug|Any CPU = Debug|Any CPU
		Release|Any CPU = Release|Any CPU
	EndGlobalSection
	GlobalSection(ProjectConfigurationPlatforms) = postSolution
		{F4751989-B212-4802-9DFC-C2AAAF390900}.Debug|Any CPU.ActiveCfg = Debug|Any CPU
		{F4751989-B212-4802-9DFC-C2AAAF390900}.Debug|Any CPU.Build.0 = Debug|Any CPU
		{F4751989-B212-4802-9DFC-C2AAAF390900}.Release|Any CPU.ActiveCfg = Release|Any CPU
		{F4751989-B212-4802-9DFC-C2AAAF390900}.Release|Any CPU.Build.0 = Release|Any CPU
	EndGlobalSection
	GlobalSection(SolutionProperties) = preSolution
		HideSolutionNode = FALSE
	EndGlobalSection
	GlobalSection(ExtensibilityGlobals) = postSolution
		SolutionGuid = {FA92BD25-FAC7-434A-BAC6-4E8731AAA3CC}
	EndGlobalSection
EndGlobal
